
Microsoft Visual Studio Solution File, Format Version 12.00
Project("{FAE04EC0-301F-11D3-BF4B-00C04F79EFBC}") = "kata-payslip", "kata-payslip\kata-payslip.csproj", "{99A33F9B-0401-4248-B74C-DACA92D17FC1}"
EndProject
Global
	GlobalSection(SolutionConfigurationPlatforms) = preSolution
		Debug|Any CPU = Debug|Any CPU
		Release|Any CPU = Release|Any CPU
	EndGlobalSection
	GlobalSection(ProjectConfigurationPlatforms) = postSolution
		{99A33F9B-0401-4248-B74C-DACA92D17FC1}.Debug|Any CPU.ActiveCfg = Debug|Any CPU
		{99A33F9B-0401-4248-B74C-DACA92D17FC1}.Debug|Any CPU.Build.0 = Debug|Any CPU
		{99A33F9B-0401-4248-B74C-DACA92D17FC1}.Release|Any CPU.ActiveCfg = Release|Any CPU
		{99A33F9B-0401-4248-B74C-DACA92D17FC1}.Release|Any CPU.Build.0 = Release|Any CPU
	EndGlobalSection
EndGlobal
