
Microsoft Visual Studio Solution File, Format Version 12.00
Project("{FAE04EC0-301F-11D3-BF4B-00C04F79EFBC}") = "Payslip-Round-2", "Payslip-Round-2.csproj", "{C68D7932-F501-4FC1-9F4B-AE42AF63A7AD}"
EndProject
Global
	GlobalSection(SolutionConfigurationPlatforms) = preSolution
		Debug|Any CPU = Debug|Any CPU
		Release|Any CPU = Release|Any CPU
	EndGlobalSection
	GlobalSection(ProjectConfigurationPlatforms) = postSolution
		{C68D7932-F501-4FC1-9F4B-AE42AF63A7AD}.Debug|Any CPU.ActiveCfg = Debug|Any CPU
		{C68D7932-F501-4FC1-9F4B-AE42AF63A7AD}.Debug|Any CPU.Build.0 = Debug|Any CPU
		{C68D7932-F501-4FC1-9F4B-AE42AF63A7AD}.Release|Any CPU.ActiveCfg = Release|Any CPU
		{C68D7932-F501-4FC1-9F4B-AE42AF63A7AD}.Release|Any CPU.Build.0 = Release|Any CPU
	EndGlobalSection
EndGlobal
